
Microsoft Visual Studio Solution File, Format Version 12.00
# Visual Studio Version 17
VisualStudioVersion = 17.4.33403.182
MinimumVisualStudioVersion = 10.0.40219.1
Project("{FAE04EC0-301F-11D3-BF4B-00C04F79EFBC}") = "MultiplesOf3and5", "MultiplesOf3and5\MultiplesOf3and5.csproj", "{C3FA8856-89F1-4323-B704-A5CD6B13B037}"
EndProject
Global
	GlobalSection(SolutionConfigurationPlatforms) = preSolution
		Debug|Any CPU = Debug|Any CPU
		Release|Any CPU = Release|Any CPU
	EndGlobalSection
	GlobalSection(ProjectConfigurationPlatforms) = postSolution
		{C3FA8856-89F1-4323-B704-A5CD6B13B037}.Debug|Any CPU.ActiveCfg = Debug|Any CPU
		{C3FA8856-89F1-4323-B704-A5CD6B13B037}.Debug|Any CPU.Build.0 = Debug|Any CPU
		{C3FA8856-89F1-4323-B704-A5CD6B13B037}.Release|Any CPU.ActiveCfg = Release|Any CPU
		{C3FA8856-89F1-4323-B704-A5CD6B13B037}.Release|Any CPU.Build.0 = Release|Any CPU
	EndGlobalSection
	GlobalSection(SolutionProperties) = preSolution
		HideSolutionNode = FALSE
	EndGlobalSection
	GlobalSection(ExtensibilityGlobals) = postSolution
		SolutionGuid = {34F6F583-2260-40D8-964C-6D2E53CD5D14}
	EndGlobalSection
EndGlobal
